
Microsoft Visual Studio Solution File, Format Version 12.00
# Visual Studio 15
VisualStudioVersion = 15.0.27703.2042
MinimumVisualStudioVersion = 10.0.40219.1
Project("{8BC9CEB8-8B4A-11D0-8D11-00A0C91BC942}") = "TextGame", "TextGame\TextGame.vcxproj", "{9967AA9C-43F0-4FB1-B2AA-932C53EF44A8}"
EndProject
Global
	GlobalSection(SolutionConfigurationPlatforms) = preSolution
		Debug|x64 = Debug|x64
		Debug|x86 = Debug|x86
		Release|x64 = Release|x64
		Release|x86 = Release|x86
	EndGlobalSection
	GlobalSection(ProjectConfigurationPlatforms) = postSolution
		{9967AA9C-43F0-4FB1-B2AA-932C53EF44A8}.Debug|x64.ActiveCfg = Debug|x64
		{9967AA9C-43F0-4FB1-B2AA-932C53EF44A8}.Debug|x64.Build.0 = Debug|x64
		{9967AA9C-43F0-4FB1-B2AA-932C53EF44A8}.Debug|x86.ActiveCfg = Debug|Win32
		{9967AA9C-43F0-4FB1-B2AA-932C53EF44A8}.Debug|x86.Build.0 = Debug|Win32
		{9967AA9C-43F0-4FB1-B2AA-932C53EF44A8}.Release|x64.ActiveCfg = Release|x64
		{9967AA9C-43F0-4FB1-B2AA-932C53EF44A8}.Release|x64.Build.0 = Release|x64
		{9967AA9C-43F0-4FB1-B2AA-932C53EF44A8}.Release|x86.ActiveCfg = Release|Win32
		{9967AA9C-43F0-4FB1-B2AA-932C53EF44A8}.Release|x86.Build.0 = Release|Win32
	EndGlobalSection
	GlobalSection(SolutionProperties) = preSolution
		HideSolutionNode = FALSE
	EndGlobalSection
	GlobalSection(ExtensibilityGlobals) = postSolution
		SolutionGuid = {BB34D02F-D960-4773-A2EE-60EB1C233B37}
	EndGlobalSection
EndGlobal
